
Microsoft Visual Studio Solution File, Format Version 12.00
Project("{FAE04EC0-301F-11D3-BF4B-00C04F79EFBC}") = "FolderNestedCopy", "FolderNestedCopy\FolderNestedCopy.csproj", "{B84793D2-CE30-4F7A-8085-C18B899E0EE1}"
EndProject
Project("{FAE04EC0-301F-11D3-BF4B-00C04F79EFBC}") = "CopyFilesFromUpstream", "CopyFilesFromUpstream\CopyFilesFromUpstream.csproj", "{2874F688-6020-4CCF-8898-83A1B51F4ADF}"
EndProject
Project("{FAE04EC0-301F-11D3-BF4B-00C04F79EFBC}") = "WingetInstallerManager", "WingetInstallerManager\WingetInstallerManager.csproj", "{0CD85C14-6386-41D6-8441-6DEED9F92FA7}"
EndProject
Project("{FAE04EC0-301F-11D3-BF4B-00C04F79EFBC}") = "StationSetup.CLI", "StationSetup.CLI\StationSetup.CLI.csproj", "{C9BECE26-C8E6-46F7-B310-BE232074FAA7}"
EndProject
Global
	GlobalSection(SolutionConfigurationPlatforms) = preSolution
		Debug|Any CPU = Debug|Any CPU
		Release|Any CPU = Release|Any CPU
	EndGlobalSection
	GlobalSection(ProjectConfigurationPlatforms) = postSolution
		{B84793D2-CE30-4F7A-8085-C18B899E0EE1}.Debug|Any CPU.ActiveCfg = Debug|Any CPU
		{B84793D2-CE30-4F7A-8085-C18B899E0EE1}.Debug|Any CPU.Build.0 = Debug|Any CPU
		{B84793D2-CE30-4F7A-8085-C18B899E0EE1}.Release|Any CPU.ActiveCfg = Release|Any CPU
		{B84793D2-CE30-4F7A-8085-C18B899E0EE1}.Release|Any CPU.Build.0 = Release|Any CPU
		{2874F688-6020-4CCF-8898-83A1B51F4ADF}.Debug|Any CPU.ActiveCfg = Debug|Any CPU
		{2874F688-6020-4CCF-8898-83A1B51F4ADF}.Debug|Any CPU.Build.0 = Debug|Any CPU
		{2874F688-6020-4CCF-8898-83A1B51F4ADF}.Release|Any CPU.ActiveCfg = Release|Any CPU
		{2874F688-6020-4CCF-8898-83A1B51F4ADF}.Release|Any CPU.Build.0 = Release|Any CPU
		{0CD85C14-6386-41D6-8441-6DEED9F92FA7}.Debug|Any CPU.ActiveCfg = Debug|Any CPU
		{0CD85C14-6386-41D6-8441-6DEED9F92FA7}.Debug|Any CPU.Build.0 = Debug|Any CPU
		{0CD85C14-6386-41D6-8441-6DEED9F92FA7}.Release|Any CPU.ActiveCfg = Release|Any CPU
		{0CD85C14-6386-41D6-8441-6DEED9F92FA7}.Release|Any CPU.Build.0 = Release|Any CPU
		{C9BECE26-C8E6-46F7-B310-BE232074FAA7}.Debug|Any CPU.ActiveCfg = Debug|Any CPU
		{C9BECE26-C8E6-46F7-B310-BE232074FAA7}.Debug|Any CPU.Build.0 = Debug|Any CPU
		{C9BECE26-C8E6-46F7-B310-BE232074FAA7}.Release|Any CPU.ActiveCfg = Release|Any CPU
		{C9BECE26-C8E6-46F7-B310-BE232074FAA7}.Release|Any CPU.Build.0 = Release|Any CPU
	EndGlobalSection
EndGlobal
